github.com/vsurkov/lgr v0.0.1 h1:i5RzRJtYLdM6ien/8lSV8aOowWegk1QbPTVk1OFqSe8=
github.com/vsurkov/lgr v0.0.1/go.mod h1:fvDYYuF9yb9O+pg0Z+EZJX091L5HB0IRvUt9cE4ZL6k=
github.com/vsurkov/lgr v0.0.2 h1:v5gUY1mLiFyxe0ejPQ1LHiTmz82PBou7zLWEnaJ7hAA=
github.com/vsurkov/lgr v0.0.2/go.mod h1:fvDYYuF9yb9O+pg0Z+EZJX091L5HB0IRvUt9cE4ZL6k=
